<?xml version="1.0" encoding="utf-8"?>
<Project ToolsVersion="4.0" xmlns="http://schemas.microsoft.com/developer/msbuild/2003">
  <ItemGroup>
    <ClCompile Include="..\sources\uwemsp.cpp" />
    <ClCompile Include="..\..\UGen\analysis\ugen_Amplitude.cpp">
      <Filter>UGen</Filter>
    </ClCompile>
    <ClCompile Include="..\..\UGen\analysis\ugen_DataRecorder.cpp">
      <Filter>UGen</Filter>
    </ClCompile>
    <ClCompile Include="..\..\UGen\analysis\ugen_Maxima.cpp">
      <Filter>UGen</Filter>
    </ClCompile>
    <ClCompile Include="..\..\UGen\analysis\ugen_Poll.cpp">
      <Filter>UGen</Filter>
    </ClCompile>
    <ClCompile Include="..\..\UGen\analysis\ugen_Schmidt.cpp">
      <Filter>UGen</Filter>
    </ClCompile>
    <ClCompile Include="..\..\UGen\analysis\ugen_Trig.cpp">
      <Filter>UGen</Filter>
    </ClCompile>
    <ClCompile Include="..\..\UGen\analysis\ugen_TrigProcess.cpp">
      <Filter>UGen</Filter>
    </ClCompile>
    <ClCompile Include="..\..\UGen\basics\ugen_BinaryOpUGens.cpp">
      <Filter>UGen</Filter>
    </ClCompile>
    <ClCompile Include="..\..\UGen\basics\ugen_Chain.cpp">
      <Filter>UGen</Filter>
    </ClCompile>
    <ClCompile Include="..\..\UGen\basics\ugen_MappingUGens.cpp">
      <Filter>UGen</Filter>
    </ClCompile>
    <ClCompile Include="..\..\UGen\basics\ugen_MixUGen.cpp">
      <Filter>UGen</Filter>
    </ClCompile>
    <ClCompile Include="..\..\UGen\basics\ugen_MulAdd.cpp">
      <Filter>UGen</Filter>
    </ClCompile>
    <ClCompile Include="..\..\UGen\basics\ugen_Pause.cpp">
      <Filter>UGen</Filter>
    </ClCompile>
    <ClCompile Include="..\..\UGen\basics\ugen_Plug.cpp">
      <Filter>UGen</Filter>
    </ClCompile>
    <ClCompile Include="..\..\UGen\basics\ugen_RawInputUGens.cpp">
      <Filter>UGen</Filter>
    </ClCompile>
    <ClCompile Include="..\..\UGen\basics\ugen_ScalarUGens.cpp">
      <Filter>UGen</Filter>
    </ClCompile>
    <ClCompile Include="..\..\UGen\basics\ugen_Thru.cpp">
      <Filter>UGen</Filter>
    </ClCompile>
    <ClCompile Include="..\..\UGen\basics\ugen_UnaryOpUGens.cpp">
      <Filter>UGen</Filter>
    </ClCompile>
    <ClCompile Include="..\..\UGen\basics\ugen_WrapFold.cpp">
      <Filter>UGen</Filter>
    </ClCompile>
    <ClCompile Include="..\..\UGen\buffers\ugen_Buffer.cpp">
      <Filter>UGen</Filter>
    </ClCompile>
    <ClCompile Include="..\..\UGen\buffers\ugen_IntBuffer.cpp">
      <Filter>UGen</Filter>
    </ClCompile>
    <ClCompile Include="..\..\UGen\buffers\ugen_PlayBuf.cpp">
      <Filter>UGen</Filter>
    </ClCompile>
    <ClCompile Include="..\..\UGen\buffers\ugen_XFadePlayBuf.cpp">
      <Filter>UGen</Filter>
    </ClCompile>
    <ClCompile Include="..\..\UGen\convolution\ugen_Convolution.cpp">
      <Filter>UGen</Filter>
    </ClCompile>
    <ClCompile Include="..\..\UGen\convolution\ugen_SimpleConvolution.cpp">
      <Filter>UGen</Filter>
    </ClCompile>
    <ClCompile Include="..\..\UGen\core\ugen_Arrays.cpp">
      <Filter>UGen</Filter>
    </ClCompile>
    <ClCompile Include="..\..\UGen\core\ugen_Bits.cpp">
      <Filter>UGen</Filter>
    </ClCompile>
    <ClCompile Include="..\..\UGen\core\ugen_Deleter.cpp">
      <Filter>UGen</Filter>
    </ClCompile>
    <ClCompile Include="..\..\UGen\core\ugen_ExternalControlSource.cpp">
      <Filter>UGen</Filter>
    </ClCompile>
    <ClCompile Include="..\..\UGen\core\ugen_Random.cpp">
      <Filter>UGen</Filter>
    </ClCompile>
    <ClCompile Include="..\..\UGen\core\ugen_SmartPointer.cpp">
      <Filter>UGen</Filter>
    </ClCompile>
    <ClCompile Include="..\..\UGen\core\ugen_Text.cpp">
      <Filter>UGen</Filter>
    </ClCompile>
    <ClCompile Include="..\..\UGen\core\ugen_TextFile.cpp">
      <Filter>UGen</Filter>
    </ClCompile>
    <ClCompile Include="..\..\UGen\core\ugen_UGen.cpp">
      <Filter>UGen</Filter>
    </ClCompile>
    <ClCompile Include="..\..\UGen\core\ugen_UGenArray.cpp">
      <Filter>UGen</Filter>
    </ClCompile>
    <ClCompile Include="..\..\UGen\core\ugen_UGenInternal.cpp">
      <Filter>UGen</Filter>
    </ClCompile>
    <ClCompile Include="..\..\UGen\core\ugen_Value.cpp">
      <Filter>UGen</Filter>
    </ClCompile>
    <ClCompile Include="..\..\UGen\delays\ugen_BlockDelay.cpp">
      <Filter>UGen</Filter>
    </ClCompile>
    <ClCompile Include="..\..\UGen\delays\ugen_Delay.cpp">
      <Filter>UGen</Filter>
    </ClCompile>
    <ClCompile Include="..\..\UGen\envelopes\ugen_ASR.cpp">
      <Filter>UGen</Filter>
    </ClCompile>
    <ClCompile Include="..\..\UGen\envelopes\ugen_Env.cpp">
      <Filter>UGen</Filter>
    </ClCompile>
    <ClCompile Include="..\..\UGen\envelopes\ugen_EnvCurve.cpp">
      <Filter>UGen</Filter>
    </ClCompile>
    <ClCompile Include="..\..\UGen\envelopes\ugen_EnvGen.cpp">
      <Filter>UGen</Filter>
    </ClCompile>
    <ClCompile Include="..\..\UGen\envelopes\ugen_Lines.cpp">
      <Filter>UGen</Filter>
    </ClCompile>
    <ClCompile Include="..\..\UGen\fft\ugen_FFTEngine.cpp">
      <Filter>UGen</Filter>
    </ClCompile>
    <ClCompile Include="..\..\UGen\fft\ugen_FFTEngineInternal.cpp">
      <Filter>UGen</Filter>
    </ClCompile>
    <ClCompile Include="..\..\UGen\fft\ugen_FFTMagnitude.cpp">
      <Filter>UGen</Filter>
    </ClCompile>
    <ClCompile Include="..\..\UGen\fft\ugen_FFTMagnitudeSelection.cpp">
      <Filter>UGen</Filter>
    </ClCompile>
    <ClCompile Include="..\..\UGen\filters\control\ugen_Decay.cpp">
      <Filter>UGen</Filter>
    </ClCompile>
    <ClCompile Include="..\..\UGen\filters\control\ugen_Lag.cpp">
      <Filter>UGen</Filter>
    </ClCompile>
    <ClCompile Include="..\..\UGen\filters\dynamics\ugen_Normaliser.cpp">
      <Filter>UGen</Filter>
    </ClCompile>
    <ClCompile Include="..\..\UGen\filters\simple\ugen_HPF.cpp">
      <Filter>UGen</Filter>
    </ClCompile>
    <ClCompile Include="..\..\UGen\filters\simple\ugen_LPF.cpp">
      <Filter>UGen</Filter>
    </ClCompile>
    <ClCompile Include="..\..\UGen\filters\ugen_BEQ.cpp">
      <Filter>UGen</Filter>
    </ClCompile>
    <ClCompile Include="..\..\UGen\filters\ugen_LeakDC.cpp">
      <Filter>UGen</Filter>
    </ClCompile>
    <ClCompile Include="..\..\UGen\filters\ugen_SOS.cpp">
      <Filter>UGen</Filter>
    </ClCompile>
    <ClCompile Include="..\..\UGen\gui\ugen_Scope.cpp">
      <Filter>UGen</Filter>
    </ClCompile>
    <ClCompile Include="..\..\UGen\iphone\armasm\ugen_neon_Basics.cpp">
      <Filter>UGen</Filter>
    </ClCompile>
    <ClCompile Include="..\..\UGen\iphone\armasm\ugen_neon_BinaryOpUGens.cpp">
      <Filter>UGen</Filter>
    </ClCompile>
    <ClCompile Include="..\..\UGen\iphone\armasm\ugen_neon_Filters.cpp">
      <Filter>UGen</Filter>
    </ClCompile>
    <ClCompile Include="..\..\UGen\iphone\armasm\ugen_neon_UnaryOpUGens.cpp">
      <Filter>UGen</Filter>
    </ClCompile>
    <ClCompile Include="..\..\UGen\iphone\armasm\ugen_neon_Utilities.cpp">
      <Filter>UGen</Filter>
    </ClCompile>
    <ClCompile Include="..\..\UGen\iphone\armasm\ugen_vfp_Basics.cpp">
      <Filter>UGen</Filter>
    </ClCompile>
    <ClCompile Include="..\..\UGen\iphone\armasm\ugen_vfp_BinaryOpUGens.cpp">
      <Filter>UGen</Filter>
    </ClCompile>
    <ClCompile Include="..\..\UGen\iphone\armasm\ugen_vfp_Filters.cpp">
      <Filter>UGen</Filter>
    </ClCompile>
    <ClCompile Include="..\..\UGen\iphone\armasm\ugen_vfp_UnaryOpUGens.cpp">
      <Filter>UGen</Filter>
    </ClCompile>
    <ClCompile Include="..\..\UGen\iphone\armasm\ugen_vfp_Utilities.cpp">
      <Filter>UGen</Filter>
    </ClCompile>
    <ClCompile Include="..\..\UGen\iphone\ugen_iPhoneAudioFileDiskIn.cpp">
      <Filter>UGen</Filter>
    </ClCompile>
    <ClCompile Include="..\..\UGen\iphone\ugen_iPhoneAudioFileDiskOut.cpp">
      <Filter>UGen</Filter>
    </ClCompile>
    <ClCompile Include="..\..\UGen\juce\gui\ugen_JuceEnvelopeComponent.cpp">
      <Filter>UGen</Filter>
    </ClCompile>
    <ClCompile Include="..\..\UGen\juce\gui\ugen_JuceMultiSlider.cpp">
      <Filter>UGen</Filter>
    </ClCompile>
    <ClCompile Include="..\..\UGen\juce\gui\ugen_JuceScope.cpp">
      <Filter>UGen</Filter>
    </ClCompile>
    <ClCompile Include="..\..\UGen\juce\io\ugen_AudioFilePlayer.cpp">
      <Filter>UGen</Filter>
    </ClCompile>
    <ClCompile Include="..\..\UGen\juce\io\ugen_DiskIn.cpp">
      <Filter>UGen</Filter>
    </ClCompile>
    <ClCompile Include="..\..\UGen\juce\io\ugen_DiskOut.cpp">
      <Filter>UGen</Filter>
    </ClCompile>
    <ClCompile Include="..\..\UGen\juce\io\ugen_JuceMIDIController.cpp">
      <Filter>UGen</Filter>
    </ClCompile>
    <ClCompile Include="..\..\UGen\juce\io\ugen_JuceMIDIInputBroadcaster.cpp">
      <Filter>UGen</Filter>
    </ClCompile>
    <ClCompile Include="..\..\UGen\juce\io\ugen_JuceMIDIMostRecentNote.cpp">
      <Filter>UGen</Filter>
    </ClCompile>
    <ClCompile Include="..\..\UGen\juce\ugen_JuceSlider.cpp">
      <Filter>UGen</Filter>
    </ClCompile>
    <ClCompile Include="..\..\UGen\juce\ugen_JuceTimerDeleter.cpp">
      <Filter>UGen</Filter>
    </ClCompile>
    <ClCompile Include="..\..\UGen\juce\ugen_JuceUtility.cpp">
      <Filter>UGen</Filter>
    </ClCompile>
    <ClCompile Include="..\..\UGen\juce\ugen_JuceVoicer.cpp">
      <Filter>UGen</Filter>
    </ClCompile>
    <ClCompile Include="..\..\UGen\neuralnet\ugen_NeuralLayer.cpp">
      <Filter>UGen</Filter>
    </ClCompile>
    <ClCompile Include="..\..\UGen\neuralnet\ugen_NeuralNetwork.cpp">
      <Filter>UGen</Filter>
    </ClCompile>
    <ClCompile Include="..\..\UGen\neuralnet\ugen_NeuralNetworkUGen.cpp">
      <Filter>UGen</Filter>
    </ClCompile>
    <ClCompile Include="..\..\UGen\neuralnet\ugen_NeuralNode.cpp">
      <Filter>UGen</Filter>
    </ClCompile>
    <ClCompile Include="..\..\UGen\neuralnet\ugen_NeuralPattern.cpp">
      <Filter>UGen</Filter>
    </ClCompile>
    <ClCompile Include="..\..\UGen\noise\ugen_BrownNoise.cpp">
      <Filter>UGen</Filter>
    </ClCompile>
    <ClCompile Include="..\..\UGen\noise\ugen_Dust.cpp">
      <Filter>UGen</Filter>
    </ClCompile>
    <ClCompile Include="..\..\UGen\noise\ugen_LFNoise.cpp">
      <Filter>UGen</Filter>
    </ClCompile>
    <ClCompile Include="..\..\UGen\noise\ugen_PinkNoise.cpp">
      <Filter>UGen</Filter>
    </ClCompile>
    <ClCompile Include="..\..\UGen\noise\ugen_WhiteNoise.cpp">
      <Filter>UGen</Filter>
    </ClCompile>
    <ClCompile Include="..\..\UGen\oscillators\simple\ugen_FSinOsc.cpp">
      <Filter>UGen</Filter>
    </ClCompile>
    <ClCompile Include="..\..\UGen\oscillators\simple\ugen_Impulse.cpp">
      <Filter>UGen</Filter>
    </ClCompile>
    <ClCompile Include="..\..\UGen\oscillators\simple\ugen_LFPulse.cpp">
      <Filter>UGen</Filter>
    </ClCompile>
    <ClCompile Include="..\..\UGen\oscillators\simple\ugen_LFSaw.cpp">
      <Filter>UGen</Filter>
    </ClCompile>
    <ClCompile Include="..\..\UGen\oscillators\simple\ugen_Triggers.cpp">
      <Filter>UGen</Filter>
    </ClCompile>
    <ClCompile Include="..\..\UGen\oscillators\ugen_OscillatorUGens.cpp">
      <Filter>UGen</Filter>
    </ClCompile>
    <ClCompile Include="..\..\UGen\oscillators\wavetable\ugen_TableOsc.cpp">
      <Filter>UGen</Filter>
    </ClCompile>
    <ClCompile Include="..\..\UGen\pan\ugen_BasicPan.cpp">
      <Filter>UGen</Filter>
    </ClCompile>
    <ClCompile Include="..\..\UGen\spawn\ugen_Spawn.cpp">
      <Filter>UGen</Filter>
    </ClCompile>
    <ClCompile Include="..\..\UGen\spawn\ugen_Textures.cpp">
      <Filter>UGen</Filter>
    </ClCompile>
    <ClCompile Include="..\..\UGen\spawn\ugen_TSpawn.cpp">
      <Filter>UGen</Filter>
    </ClCompile>
    <ClCompile Include="..\..\UGen\spawn\ugen_VoicerBase.cpp">
      <Filter>UGen</Filter>
    </ClCompile>
    <ClCompile Include="..\..\UGen\vec\ugen_vdsp_Basics.cpp">
      <Filter>UGen</Filter>
    </ClCompile>
    <ClCompile Include="..\..\UGen\vec\ugen_vdsp_BinaryOpUGens.cpp">
      <Filter>UGen</Filter>
    </ClCompile>
    <ClCompile Include="..\..\UGen\vec\ugen_vdsp_UnaryOpUGens.cpp">
      <Filter>UGen</Filter>
    </ClCompile>
  </ItemGroup>
  <ItemGroup>
    <ClInclude Include="..\sources\uwemax.h" />
    <ClInclude Include="..\sources\uwemsp.h" />
    <ClInclude Include="..\..\UGen\analysis\ugen_Amplitude.h">
      <Filter>UGen</Filter>
    </ClInclude>
    <ClInclude Include="..\..\UGen\analysis\ugen_DataRecorder.h">
      <Filter>UGen</Filter>
    </ClInclude>
    <ClInclude Include="..\..\UGen\analysis\ugen_Maxima.h">
      <Filter>UGen</Filter>
    </ClInclude>
    <ClInclude Include="..\..\UGen\analysis\ugen_Poll.h">
      <Filter>UGen</Filter>
    </ClInclude>
    <ClInclude Include="..\..\UGen\analysis\ugen_Schmidt.h">
      <Filter>UGen</Filter>
    </ClInclude>
    <ClInclude Include="..\..\UGen\analysis\ugen_Trig.h">
      <Filter>UGen</Filter>
    </ClInclude>
    <ClInclude Include="..\..\UGen\analysis\ugen_TrigProcess.h">
      <Filter>UGen</Filter>
    </ClInclude>
    <ClInclude Include="..\..\UGen\basics\ugen_BinaryOpUGens.h">
      <Filter>UGen</Filter>
    </ClInclude>
    <ClInclude Include="..\..\UGen\basics\ugen_Chain.h">
      <Filter>UGen</Filter>
    </ClInclude>
    <ClInclude Include="..\..\UGen\basics\ugen_InlineBinaryOps.h">
      <Filter>UGen</Filter>
    </ClInclude>
    <ClInclude Include="..\..\UGen\basics\ugen_InlineUnaryOps.h">
      <Filter>UGen</Filter>
    </ClInclude>
    <ClInclude Include="..\..\UGen\basics\ugen_MappingUGens.h">
      <Filter>UGen</Filter>
    </ClInclude>
    <ClInclude Include="..\..\UGen\basics\ugen_MixUGen.h">
      <Filter>UGen</Filter>
    </ClInclude>
    <ClInclude Include="..\..\UGen\basics\ugen_MulAdd.h">
      <Filter>UGen</Filter>
    </ClInclude>
    <ClInclude Include="..\..\UGen\basics\ugen_Pause.h">
      <Filter>UGen</Filter>
    </ClInclude>
    <ClInclude Include="..\..\UGen\basics\ugen_Plug.h">
      <Filter>UGen</Filter>
    </ClInclude>
    <ClInclude Include="..\..\UGen\basics\ugen_RawInputUGens.h">
      <Filter>UGen</Filter>
    </ClInclude>
    <ClInclude Include="..\..\UGen\basics\ugen_ScalarUGens.h">
      <Filter>UGen</Filter>
    </ClInclude>
    <ClInclude Include="..\..\UGen\basics\ugen_Temporary.h">
      <Filter>UGen</Filter>
    </ClInclude>
    <ClInclude Include="..\..\UGen\basics\ugen_Thru.h">
      <Filter>UGen</Filter>
    </ClInclude>
    <ClInclude Include="..\..\UGen\basics\ugen_UnaryOpUGens.h">
      <Filter>UGen</Filter>
    </ClInclude>
    <ClInclude Include="..\..\UGen\basics\ugen_WrapFold.h">
      <Filter>UGen</Filter>
    </ClInclude>
    <ClInclude Include="..\..\UGen\buffers\ugen_Buffer.h">
      <Filter>UGen</Filter>
    </ClInclude>
    <ClInclude Include="..\..\UGen\buffers\ugen_IntBuffer.h">
      <Filter>UGen</Filter>
    </ClInclude>
    <ClInclude Include="..\..\UGen\buffers\ugen_PlayBuf.h">
      <Filter>UGen</Filter>
    </ClInclude>
    <ClInclude Include="..\..\UGen\buffers\ugen_XFadePlayBuf.h">
      <Filter>UGen</Filter>
    </ClInclude>
    <ClInclude Include="..\..\UGen\convolution\ugen_Convolution.h">
      <Filter>UGen</Filter>
    </ClInclude>
    <ClInclude Include="..\..\UGen\convolution\ugen_SimpleConvolution.h">
      <Filter>UGen</Filter>
    </ClInclude>
    <ClInclude Include="..\..\UGen\core\ugen_Arrays.h">
      <Filter>UGen</Filter>
    </ClInclude>
    <ClInclude Include="..\..\UGen\core\ugen_Bits.h">
      <Filter>UGen</Filter>
    </ClInclude>
    <ClInclude Include="..\..\UGen\core\ugen_Constants.h">
      <Filter>UGen</Filter>
    </ClInclude>
    <ClInclude Include="..\..\UGen\core\ugen_Deleter.h">
      <Filter>UGen</Filter>
    </ClInclude>
    <ClInclude Include="..\..\UGen\core\ugen_ExternalControlSource.h">
      <Filter>UGen</Filter>
    </ClInclude>
    <ClInclude Include="..\..\UGen\core\ugen_Random.h">
      <Filter>UGen</Filter>
    </ClInclude>
    <ClInclude Include="..\..\UGen\core\ugen_SmartPointer.h">
      <Filter>UGen</Filter>
    </ClInclude>
    <ClInclude Include="..\..\UGen\core\ugen_StandardHeader.h">
      <Filter>UGen</Filter>
    </ClInclude>
    <ClInclude Include="..\..\UGen\core\ugen_Text.h">
      <Filter>UGen</Filter>
    </ClInclude>
    <ClInclude Include="..\..\UGen\core\ugen_TextFile.h">
      <Filter>UGen</Filter>
    </ClInclude>
    <ClInclude Include="..\..\UGen\core\ugen_UGen.h">
      <Filter>UGen</Filter>
    </ClInclude>
    <ClInclude Include="..\..\UGen\core\ugen_UGenArray.h">
      <Filter>UGen</Filter>
    </ClInclude>
    <ClInclude Include="..\..\UGen\core\ugen_UGenInternal.h">
      <Filter>UGen</Filter>
    </ClInclude>
    <ClInclude Include="..\..\UGen\core\ugen_Value.h">
      <Filter>UGen</Filter>
    </ClInclude>
    <ClInclude Include="..\..\UGen\delays\ugen_BlockDelay.h">
      <Filter>UGen</Filter>
    </ClInclude>
    <ClInclude Include="..\..\UGen\delays\ugen_Delay.h">
      <Filter>UGen</Filter>
    </ClInclude>
    <ClInclude Include="..\..\UGen\envelopes\ugen_ASR.h">
      <Filter>UGen</Filter>
    </ClInclude>
    <ClInclude Include="..\..\UGen\envelopes\ugen_Env.h">
      <Filter>UGen</Filter>
    </ClInclude>
    <ClInclude Include="..\..\UGen\envelopes\ugen_EnvCurve.h">
      <Filter>UGen</Filter>
    </ClInclude>
    <ClInclude Include="..\..\UGen\envelopes\ugen_EnvGen.h">
      <Filter>UGen</Filter>
    </ClInclude>
    <ClInclude Include="..\..\UGen\envelopes\ugen_Lines.h">
      <Filter>UGen</Filter>
    </ClInclude>
    <ClInclude Include="..\..\UGen\fft\ugen_FFTEngine.h">
      <Filter>UGen</Filter>
    </ClInclude>
    <ClInclude Include="..\..\UGen\fft\ugen_FFTEngineInternal.h">
      <Filter>UGen</Filter>
    </ClInclude>
    <ClInclude Include="..\..\UGen\fft\ugen_FFTMagnitude.h">
      <Filter>UGen</Filter>
    </ClInclude>
    <ClInclude Include="..\..\UGen\fft\ugen_FFTMagnitudeSelection.h">
      <Filter>UGen</Filter>
    </ClInclude>
    <ClInclude Include="..\..\UGen\fftreal\Array.h">
      <Filter>UGen</Filter>
    </ClInclude>
    <ClInclude Include="..\..\UGen\fftreal\Array.hpp">
      <Filter>UGen</Filter>
    </ClInclude>
    <ClInclude Include="..\..\UGen\fftreal\def.h">
      <Filter>UGen</Filter>
    </ClInclude>
    <ClInclude Include="..\..\UGen\fftreal\DynArray.h">
      <Filter>UGen</Filter>
    </ClInclude>
    <ClInclude Include="..\..\UGen\fftreal\DynArray.hpp">
      <Filter>UGen</Filter>
    </ClInclude>
    <ClInclude Include="..\..\UGen\fftreal\FFTReal.h">
      <Filter>UGen</Filter>
    </ClInclude>
    <ClInclude Include="..\..\UGen\fftreal\FFTReal.hpp">
      <Filter>UGen</Filter>
    </ClInclude>
    <ClInclude Include="..\..\UGen\fftreal\FFTRealFixLen.h">
      <Filter>UGen</Filter>
    </ClInclude>
    <ClInclude Include="..\..\UGen\fftreal\FFTRealFixLen.hpp">
      <Filter>UGen</Filter>
    </ClInclude>
    <ClInclude Include="..\..\UGen\fftreal\FFTRealFixLenParam.h">
      <Filter>UGen</Filter>
    </ClInclude>
    <ClInclude Include="..\..\UGen\fftreal\FFTRealPassDirect.h">
      <Filter>UGen</Filter>
    </ClInclude>
    <ClInclude Include="..\..\UGen\fftreal\FFTRealPassDirect.hpp">
      <Filter>UGen</Filter>
    </ClInclude>
    <ClInclude Include="..\..\UGen\fftreal\FFTRealPassInverse.h">
      <Filter>UGen</Filter>
    </ClInclude>
    <ClInclude Include="..\..\UGen\fftreal\FFTRealPassInverse.hpp">
      <Filter>UGen</Filter>
    </ClInclude>
    <ClInclude Include="..\..\UGen\fftreal\FFTRealSelect.h">
      <Filter>UGen</Filter>
    </ClInclude>
    <ClInclude Include="..\..\UGen\fftreal\FFTRealSelect.hpp">
      <Filter>UGen</Filter>
    </ClInclude>
    <ClInclude Include="..\..\UGen\fftreal\FFTRealUseTrigo.h">
      <Filter>UGen</Filter>
    </ClInclude>
    <ClInclude Include="..\..\UGen\fftreal\FFTRealUseTrigo.hpp">
      <Filter>UGen</Filter>
    </ClInclude>
    <ClInclude Include="..\..\UGen\fftreal\OscSinCos.h">
      <Filter>UGen</Filter>
    </ClInclude>
    <ClInclude Include="..\..\UGen\fftreal\OscSinCos.hpp">
      <Filter>UGen</Filter>
    </ClInclude>
    <ClInclude Include="..\..\UGen\filters\control\ugen_Decay.h">
      <Filter>UGen</Filter>
    </ClInclude>
    <ClInclude Include="..\..\UGen\filters\control\ugen_Lag.h">
      <Filter>UGen</Filter>
    </ClInclude>
    <ClInclude Include="..\..\UGen\filters\dynamics\ugen_Normaliser.h">
      <Filter>UGen</Filter>
    </ClInclude>
    <ClInclude Include="..\..\UGen\filters\simple\ugen_HPF.h">
      <Filter>UGen</Filter>
    </ClInclude>
    <ClInclude Include="..\..\UGen\filters\simple\ugen_LPF.h">
      <Filter>UGen</Filter>
    </ClInclude>
    <ClInclude Include="..\..\UGen\filters\ugen_BEQ.h">
      <Filter>UGen</Filter>
    </ClInclude>
    <ClInclude Include="..\..\UGen\filters\ugen_LeakDC.h">
      <Filter>UGen</Filter>
    </ClInclude>
    <ClInclude Include="..\..\UGen\filters\ugen_SOS.h">
      <Filter>UGen</Filter>
    </ClInclude>
    <ClInclude Include="..\..\UGen\gui\ugen_GUI.h">
      <Filter>UGen</Filter>
    </ClInclude>
    <ClInclude Include="..\..\UGen\gui\ugen_Scope.h">
      <Filter>UGen</Filter>
    </ClInclude>
    <ClInclude Include="..\..\UGen\iphone\armasm\ugen_neon_FFTUtilities.h">
      <Filter>UGen</Filter>
    </ClInclude>
    <ClInclude Include="..\..\UGen\iphone\armasm\ugen_neon_Utilities.h">
      <Filter>UGen</Filter>
    </ClInclude>
    <ClInclude Include="..\..\UGen\iphone\armasm\ugen_vfp_clobbers.h">
      <Filter>UGen</Filter>
    </ClInclude>
    <ClInclude Include="..\..\UGen\iphone\armasm\ugen_vfp_FFTUtilities.h">
      <Filter>UGen</Filter>
    </ClInclude>
    <ClInclude Include="..\..\UGen\iphone\armasm\ugen_vfp_macros.h">
      <Filter>UGen</Filter>
    </ClInclude>
    <ClInclude Include="..\..\UGen\iphone\armasm\ugen_vfp_Utilities.h">
      <Filter>UGen</Filter>
    </ClInclude>
    <ClInclude Include="..\..\UGen\iphone\ugen_AudioQueueIOHost.h">
      <Filter>UGen</Filter>
    </ClInclude>
    <ClInclude Include="..\..\UGen\iphone\ugen_iPhoneAudioFileDiskIn.h">
      <Filter>UGen</Filter>
    </ClInclude>
    <ClInclude Include="..\..\UGen\iphone\ugen_iPhoneAudioFileDiskOut.h">
      <Filter>UGen</Filter>
    </ClInclude>
    <ClInclude Include="..\..\UGen\iphone\ugen_NSDeleter.h">
      <Filter>UGen</Filter>
    </ClInclude>
    <ClInclude Include="..\..\UGen\iphone\ugen_NSUtilities.h">
      <Filter>UGen</Filter>
    </ClInclude>
    <ClInclude Include="..\..\UGen\iphone\ugen_ScopeView.h">
      <Filter>UGen</Filter>
    </ClInclude>
    <ClInclude Include="..\..\UGen\iphone\ugen_UIAcceleration.h">
      <Filter>UGen</Filter>
    </ClInclude>
    <ClInclude Include="..\..\UGen\iphone\ugen_UIButton.h">
      <Filter>UGen</Filter>
    </ClInclude>
    <ClInclude Include="..\..\UGen\iphone\ugen_UIKitAUIOHost.h">
      <Filter>UGen</Filter>
    </ClInclude>
    <ClInclude Include="..\..\UGen\iphone\ugen_UISlider.h">
      <Filter>UGen</Filter>
    </ClInclude>
    <ClInclude Include="..\..\UGen\juce\gui\ugen_JuceEnvelopeComponent.h">
      <Filter>UGen</Filter>
    </ClInclude>
    <ClInclude Include="..\..\UGen\juce\gui\ugen_JuceMultiSlider.h">
      <Filter>UGen</Filter>
    </ClInclude>
    <ClInclude Include="..\..\UGen\juce\gui\ugen_JuceScope.h">
      <Filter>UGen</Filter>
    </ClInclude>
    <ClInclude Include="..\..\UGen\juce\io\ugen_AudioFilePlayer.h">
      <Filter>UGen</Filter>
    </ClInclude>
    <ClInclude Include="..\..\UGen\juce\io\ugen_DiskIn.h">
      <Filter>UGen</Filter>
    </ClInclude>
    <ClInclude Include="..\..\UGen\juce\io\ugen_DiskOut.h">
      <Filter>UGen</Filter>
    </ClInclude>
    <ClInclude Include="..\..\UGen\juce\io\ugen_JuceIOHost.h">
      <Filter>UGen</Filter>
    </ClInclude>
    <ClInclude Include="..\..\UGen\juce\io\ugen_JuceMIDIController.h">
      <Filter>UGen</Filter>
    </ClInclude>
    <ClInclude Include="..\..\UGen\juce\io\ugen_JuceMIDIInputBroadcaster.h">
      <Filter>UGen</Filter>
    </ClInclude>
    <ClInclude Include="..\..\UGen\juce\io\ugen_JuceMIDIMostRecentNote.h">
      <Filter>UGen</Filter>
    </ClInclude>
    <ClInclude Include="..\..\UGen\juce\ugen_JuceSlider.h">
      <Filter>UGen</Filter>
    </ClInclude>
    <ClInclude Include="..\..\UGen\juce\ugen_JuceTimerDeleter.h">
      <Filter>UGen</Filter>
    </ClInclude>
    <ClInclude Include="..\..\UGen\juce\ugen_JuceUtility.h">
      <Filter>UGen</Filter>
    </ClInclude>
    <ClInclude Include="..\..\UGen\juce\ugen_JuceVoicer.h">
      <Filter>UGen</Filter>
    </ClInclude>
    <ClInclude Include="..\..\UGen\neuralnet\ugen_NeuralLayer.h">
      <Filter>UGen</Filter>
    </ClInclude>
    <ClInclude Include="..\..\UGen\neuralnet\ugen_NeuralNetwork.h">
      <Filter>UGen</Filter>
    </ClInclude>
    <ClInclude Include="..\..\UGen\neuralnet\ugen_NeuralNetworkConfig.h">
      <Filter>UGen</Filter>
    </ClInclude>
    <ClInclude Include="..\..\UGen\neuralnet\ugen_NeuralNetworkUGen.h">
      <Filter>UGen</Filter>
    </ClInclude>
    <ClInclude Include="..\..\UGen\neuralnet\ugen_NeuralNode.h">
      <Filter>UGen</Filter>
    </ClInclude>
    <ClInclude Include="..\..\UGen\neuralnet\ugen_NeuralPattern.h">
      <Filter>UGen</Filter>
    </ClInclude>
    <ClInclude Include="..\..\UGen\noise\ugen_BrownNoise.h">
      <Filter>UGen</Filter>
    </ClInclude>
    <ClInclude Include="..\..\UGen\noise\ugen_Dust.h">
      <Filter>UGen</Filter>
    </ClInclude>
    <ClInclude Include="..\..\UGen\noise\ugen_LFNoise.h">
      <Filter>UGen</Filter>
    </ClInclude>
    <ClInclude Include="..\..\UGen\noise\ugen_PinkNoise.h">
      <Filter>UGen</Filter>
    </ClInclude>
    <ClInclude Include="..\..\UGen\noise\ugen_WhiteNoise.h">
      <Filter>UGen</Filter>
    </ClInclude>
    <ClInclude Include="..\..\UGen\oscillators\simple\ugen_FSinOsc.h">
      <Filter>UGen</Filter>
    </ClInclude>
    <ClInclude Include="..\..\UGen\oscillators\simple\ugen_Impulse.h">
      <Filter>UGen</Filter>
    </ClInclude>
    <ClInclude Include="..\..\UGen\oscillators\simple\ugen_LFPulse.h">
      <Filter>UGen</Filter>
    </ClInclude>
    <ClInclude Include="..\..\UGen\oscillators\simple\ugen_LFSaw.h">
      <Filter>UGen</Filter>
    </ClInclude>
    <ClInclude Include="..\..\UGen\oscillators\simple\ugen_Triggers.h">
      <Filter>UGen</Filter>
    </ClInclude>
    <ClInclude Include="..\..\UGen\oscillators\ugen_OscillatorUGens.h">
      <Filter>UGen</Filter>
    </ClInclude>
    <ClInclude Include="..\..\UGen\oscillators\wavetable\ugen_TableOsc.h">
      <Filter>UGen</Filter>
    </ClInclude>
    <ClInclude Include="..\..\UGen\pan\ugen_BasicPan.h">
      <Filter>UGen</Filter>
    </ClInclude>
    <ClInclude Include="..\..\UGen\spawn\ugen_Spawn.h">
      <Filter>UGen</Filter>
    </ClInclude>
    <ClInclude Include="..\..\UGen\spawn\ugen_Textures.h">
      <Filter>UGen</Filter>
    </ClInclude>
    <ClInclude Include="..\..\UGen\spawn\ugen_TSpawn.h">
      <Filter>UGen</Filter>
    </ClInclude>
    <ClInclude Include="..\..\UGen\spawn\ugen_VoicerBase.h">
      <Filter>UGen</Filter>
    </ClInclude>
    <ClInclude Include="..\..\UGen\UGen.h">
      <Filter>UGen</Filter>
    </ClInclude>
  </ItemGroup>
  <ItemGroup>
    <Filter Include="UGen">
      <UniqueIdentifier>{1485e263-51c0-4e3e-a4cc-131934420da7}</UniqueIdentifier>
    </Filter>
  </ItemGroup>
</Project>